{
  "nodes": {
    "advisory-db": {
      "flake": false,
      "locked": {
        "lastModified": 1741826510,
        "narHash": "sha256-VPfsy7Iymk/Gs/sRgAiy5vkZmnJb1r9GmuF46/aiXNg=",
        "owner": "rustsec",
        "repo": "advisory-db",
        "rev": "825bd26e5e14f8906f9314be1ba6734a753341d1",
        "type": "github"
      },
      "original": {
        "owner": "rustsec",
        "repo": "advisory-db",
        "type": "github"
      }
    },
    "crane": {
      "locked": {
        "lastModified": 1742317686,
        "narHash": "sha256-ScJYnUykEDhYeCepoAWBbZWx2fpQ8ottyvOyGry7HqE=",
        "owner": "ipetkov",
        "repo": "crane",
        "rev": "66cb0013f9a99d710b167ad13cbd8cc4e64f2ddb",
        "type": "github"
      },
      "original": {
        "owner": "ipetkov",
        "repo": "crane",
        "type": "github"
      }
    },
    "flake-utils": {
      "inputs": {
        "systems": "systems"
      },
      "locked": {
        "lastModified": 1731533236,
        "narHash": "sha256-l0KFg5HjrsfsO/JpG+r7fRrqm12kzFHyUHqHCVpMMbI=",
        "owner": "numtide",
        "repo": "flake-utils",
        "rev": "11707dc2f618dd54ca8739b309ec4fc024de578b",
        "type": "github"
      },
      "original": {
        "owner": "numtide",
        "repo": "flake-utils",
        "type": "github"
      }
    },
    "nixpkgs": {
      "locked": {
        "lastModified": 1742341714,
        "narHash": "sha256-z7coQP4OcezfC5R12R3SCpi7zSc4nR3VHFNBXCV5pvY=",
        "owner": "NixOS",
        "repo": "nixpkgs",
        "rev": "7296c7ff9a434792907cfcd30b3d48ea5744029f",
        "type": "github"
      },
      "original": {
        "owner": "NixOS",
        "repo": "nixpkgs",
        "type": "github"
      }
    },
    "root": {
      "inputs": {
        "advisory-db": "advisory-db",
        "crane": "crane",
        "flake-utils": "flake-utils",
        "nixpkgs": "nixpkgs",
        "rust-overlay": "rust-overlay"
      }
    },
    "rust-overlay": {
      "inputs": {
        "nixpkgs": [
          "nixpkgs"
        ]
      },
      "locked": {
        "lastModified": 1742265167,
        "narHash": "sha256-RB0UEF9IXIgwuuBFC+s9H4rDyvmMZePHlBAK4vRAwf4=",
        "owner": "oxalica",
        "repo": "rust-overlay",
        "rev": "87f0965f9f5b13fca9f38074eee8369dc767550d",
        "type": "github"
      },
      "original": {
        "owner": "oxalica",
        "repo": "rust-overlay",
        "type": "github"
      }
    },
    "systems": {
      "locked": {
        "lastModified": 1681028828,
        "narHash": "sha256-Vy1rq5AaRuLzOxct8nz4T6wlgyUR7zLU309k9mBC768=",
        "owner": "nix-systems",
        "repo": "default",
        "rev": "da67096a3b9bf56a91d16901293e51ba5b49a27e",
        "type": "github"
      },
      "original": {
        "owner": "nix-systems",
        "repo": "default",
        "type": "github"
      }
    }
  },
  "root": "root",
  "version": 7
}
